
Microsoft Visual Studio Solution File, Format Version 12.00
# Visual Studio Version 17
VisualStudioVersion = 17.7.34024.191
MinimumVisualStudioVersion = 10.0.40219.1
Project("{8BC9CEB8-8B4A-11D0-8D11-00A0C91BC942}") = "Lab4_3.2", "Lab4_3.2.vcxproj", "{A65D405A-2E43-48BA-8CA6-D09D423E652B}"
EndProject
Global
	GlobalSection(SolutionConfigurationPlatforms) = preSolution
		Debug|x64 = Debug|x64
		Debug|x86 = Debug|x86
		Release|x64 = Release|x64
		Release|x86 = Release|x86
	EndGlobalSection
	GlobalSection(ProjectConfigurationPlatforms) = postSolution
		{A65D405A-2E43-48BA-8CA6-D09D423E652B}.Debug|x64.ActiveCfg = Debug|x64
		{A65D405A-2E43-48BA-8CA6-D09D423E652B}.Debug|x64.Build.0 = Debug|x64
		{A65D405A-2E43-48BA-8CA6-D09D423E652B}.Debug|x86.ActiveCfg = Debug|Win32
		{A65D405A-2E43-48BA-8CA6-D09D423E652B}.Debug|x86.Build.0 = Debug|Win32
		{A65D405A-2E43-48BA-8CA6-D09D423E652B}.Release|x64.ActiveCfg = Release|x64
		{A65D405A-2E43-48BA-8CA6-D09D423E652B}.Release|x64.Build.0 = Release|x64
		{A65D405A-2E43-48BA-8CA6-D09D423E652B}.Release|x86.ActiveCfg = Release|Win32
		{A65D405A-2E43-48BA-8CA6-D09D423E652B}.Release|x86.Build.0 = Release|Win32
	EndGlobalSection
	GlobalSection(SolutionProperties) = preSolution
		HideSolutionNode = FALSE
	EndGlobalSection
	GlobalSection(ExtensibilityGlobals) = postSolution
		SolutionGuid = {2A1B18EC-C7FC-4BDD-A212-C8C8AE11A0C8}
	EndGlobalSection
EndGlobal
